schema: '2.0'
stages:
  prepare_data:
    cmd: python src/prepare_data.py --config src/config.yaml
    deps:
    - path: src/config.yaml
      hash: md5
      md5: 955aa5f413362b08c1241a318fb1c1ce
      size: 324
    - path: src/prepare_data.py
      hash: md5
      md5: ec731b8f3efdac1e192e1f64a4522505
      size: 794
    outs:
    - path: data/input/dummy_data.npy
      hash: md5
      md5: 11f3396a25ef7f9a8da9dfeb0e152351
      size: 64128
  pull_model:
    cmd: python src/pull_model.py --config src/config.yaml
    deps:
    - path: src/config.yaml
      hash: md5
      md5: 955aa5f413362b08c1241a318fb1c1ce
      size: 324
    - path: src/pull_model.py
      hash: md5
      md5: 1eed23b3909674625f3332e90d9e46ec
      size: 1955
    outs:
    - path: models/model.pt
      hash: md5
      md5: 1d3c5038fbe6678f7bca1dc41712b1ab
      size: 2328
    - path: models_repo/
      hash: md5
      md5: d751713988987e9331980363e24189ce.dir
      size: 0
      nfiles: 0
  infer:
    cmd: PYTHONPATH=src python src/inference.py --config src/config.yaml
    deps:
    - path: models/model.pt
      hash: md5
      md5: b917cc78d78e9d0cb4de1e010bf3b12e
      size: 2334
    - path: models_repo/src/models.py
      hash: md5
      md5: 393004fc0fa264f248b21c98404b80a9
      size: 352
    - path: src/config.yaml
      hash: md5
      md5: b1d4a00370f342c6fd64ccd1fad20571
      size: 325
    - path: src/inference.py
      hash: md5
      md5: ff4321ce19d3d855bc05135b3be9c930
      size: 1915
    outs:
    - path: predictions/predictions.json
      hash: md5
      md5: a1d8316875b6ed2bb16a0416a7f3c67c
      size: 61
